// !$*UTF8*$!
{
	archiveVersion = 1;
	classes = {
	};
	objectVersion = 56;
	objects = {

/* Begin PBXBuildFile section */
		F81AFC292BDF8C0E0002AF22 /* AuthenticationApp.swift in Sources */ = {isa = PBXBuildFile; fileRef = F81AFC282BDF8C0E0002AF22 /* AuthenticationApp.swift */; };
		F81AFC2B2BDF8C0E0002AF22 /* ContentView.swift in Sources */ = {isa = PBXBuildFile; fileRef = F81AFC2A2BDF8C0E0002AF22 /* ContentView.swift */; };
		F81AFC2D2BDF8C100002AF22 /* Assets.xcassets in Resources */ = {isa = PBXBuildFile; fileRef = F81AFC2C2BDF8C100002AF22 /* Assets.xcassets */; };
		F81AFC302BDF8C100002AF22 /* Preview Assets.xcassets in Resources */ = {isa = PBXBuildFile; fileRef = F81AFC2F2BDF8C100002AF22 /* Preview Assets.xcassets */; };
		F81AFC422BDF9C800002AF22 /* FirebaseAuth in Frameworks */ = {isa = PBXBuildFile; productRef = F81AFC412BDF9C800002AF22 /* FirebaseAuth */; };
		F81AFC452BDF9D8F0002AF22 /* GoogleSignInSwift in Frameworks */ = {isa = PBXBuildFile; productRef = F81AFC442BDF9D8F0002AF22 /* GoogleSignInSwift */; };
		F81AFC492BDF9F600002AF22 /* GoogleService-Info.plist in Resources */ = {isa = PBXBuildFile; fileRef = F81AFC482BDF9F600002AF22 /* GoogleService-Info.plist */; };
		F81AFC4D2BDFA4240002AF22 /* AuthenticationViewModel.swift in Sources */ = {isa = PBXBuildFile; fileRef = F81AFC4C2BDFA4240002AF22 /* AuthenticationViewModel.swift */; };
		F81AFC562BDFB04F0002AF22 /* LoginView.swift in Sources */ = {isa = PBXBuildFile; fileRef = F81AFC552BDFB04F0002AF22 /* LoginView.swift */; };
		F81AFC5A2BDFB0850002AF22 /* ImageEditorView.swift in Sources */ = {isa = PBXBuildFile; fileRef = F81AFC592BDFB0850002AF22 /* ImageEditorView.swift */; };
		F81AFC5D2BDFC0F40002AF22 /* GoogleButton.swift in Sources */ = {isa = PBXBuildFile; fileRef = F81AFC5C2BDFC0F40002AF22 /* GoogleButton.swift */; };
		F81AFC602BDFD0F60002AF22 /* String.swift in Sources */ = {isa = PBXBuildFile; fileRef = F81AFC5F2BDFD0F60002AF22 /* String.swift */; };
		F84BEA1B2BE061E20013A700 /* LoadingView.swift in Sources */ = {isa = PBXBuildFile; fileRef = F84BEA1A2BE061E20013A700 /* LoadingView.swift */; };
		F85254CB2BE25C450081A85E /* TextBox.swift in Sources */ = {isa = PBXBuildFile; fileRef = F85254CA2BE25C450081A85E /* TextBox.swift */; };
		F85254CD2BE262550081A85E /* CanvasView.swift in Sources */ = {isa = PBXBuildFile; fileRef = F85254CC2BE262550081A85E /* CanvasView.swift */; };
		F8B7BB082BDFE49800FAF828 /* Window.swift in Sources */ = {isa = PBXBuildFile; fileRef = F8B7BB072BDFE49800FAF828 /* Window.swift */; };
		F8B7BB0B2BDFE94A00FAF828 /* RegistrationView.swift in Sources */ = {isa = PBXBuildFile; fileRef = F8B7BB0A2BDFE94A00FAF828 /* RegistrationView.swift */; };
		F8B91A302BE17574007B6A7D /* ResetPasswordView.swift in Sources */ = {isa = PBXBuildFile; fileRef = F8B91A2F2BE17574007B6A7D /* ResetPasswordView.swift */; };
		F8B91A4F2BE1A861007B6A7D /* ImagePicker.swift in Sources */ = {isa = PBXBuildFile; fileRef = F8B91A4E2BE1A861007B6A7D /* ImagePicker.swift */; };
		F8B91A512BE1AA4E007B6A7D /* ImageEditorViewModel.swift in Sources */ = {isa = PBXBuildFile; fileRef = F8B91A502BE1AA4D007B6A7D /* ImageEditorViewModel.swift */; };
		F8B91A532BE1AFE0007B6A7D /* DravingView.swift in Sources */ = {isa = PBXBuildFile; fileRef = F8B91A522BE1AFE0007B6A7D /* DravingView.swift */; };
		F8C64CCC2BE39235004907E0 /* Color.swift in Sources */ = {isa = PBXBuildFile; fileRef = F8C64CCB2BE39235004907E0 /* Color.swift */; };
		F8C64CCE2BE3DCFC004907E0 /* TextBoxView.swift in Sources */ = {isa = PBXBuildFile; fileRef = F8C64CCD2BE3DCFC004907E0 /* TextBoxView.swift */; };
		F8C64CD02BE3E1F5004907E0 /* TextEditorView.swift in Sources */ = {isa = PBXBuildFile; fileRef = F8C64CCF2BE3E1F5004907E0 /* TextEditorView.swift */; };
		F8C64CD22BE3E862004907E0 /* FilteringView.swift in Sources */ = {isa = PBXBuildFile; fileRef = F8C64CD12BE3E862004907E0 /* FilteringView.swift */; };
		F8DFDF032BE2AD210058B846 /* TitleModifier.swift in Sources */ = {isa = PBXBuildFile; fileRef = F8DFDF022BE2AD210058B846 /* TitleModifier.swift */; };
		F8DFDF052BE2C34D0058B846 /* ShareSheet.swift in Sources */ = {isa = PBXBuildFile; fileRef = F8DFDF042BE2C34D0058B846 /* ShareSheet.swift */; };
		F8DFDF072BE2D9700058B846 /* FilteredImage.swift in Sources */ = {isa = PBXBuildFile; fileRef = F8DFDF062BE2D9700058B846 /* FilteredImage.swift */; };
		F8DFDF0A2BE30D1C0058B846 /* ZoomableContainer.swift in Sources */ = {isa = PBXBuildFile; fileRef = F8DFDF092BE30D1C0058B846 /* ZoomableContainer.swift */; };
		F8EE21BD2BE11ADD00BD2872 /* LoginHeader.swift in Sources */ = {isa = PBXBuildFile; fileRef = F8EE21BC2BE11ADD00BD2872 /* LoginHeader.swift */; };
		F8EE21BF2BE11B0100BD2872 /* EmailTextField.swift in Sources */ = {isa = PBXBuildFile; fileRef = F8EE21BE2BE11B0100BD2872 /* EmailTextField.swift */; };
		F8EE21C12BE11B6400BD2872 /* PasswordSecureField.swift in Sources */ = {isa = PBXBuildFile; fileRef = F8EE21C02BE11B6400BD2872 /* PasswordSecureField.swift */; };
		F8EE21C32BE11BCF00BD2872 /* MainButton.swift in Sources */ = {isa = PBXBuildFile; fileRef = F8EE21C22BE11BCF00BD2872 /* MainButton.swift */; };
		F8EE21C62BE11C0D00BD2872 /* TextFieldModifier.swift in Sources */ = {isa = PBXBuildFile; fileRef = F8EE21C52BE11C0D00BD2872 /* TextFieldModifier.swift */; };
		F8EE21C82BE11CE500BD2872 /* View + modifiers.swift in Sources */ = {isa = PBXBuildFile; fileRef = F8EE21C72BE11CE500BD2872 /* View + modifiers.swift */; };
		F8EE7DEB2BED26E60063AEC6 /* Localizable.xcstrings in Resources */ = {isa = PBXBuildFile; fileRef = F8EE7DEA2BED26E60063AEC6 /* Localizable.xcstrings */; };
/* End PBXBuildFile section */

/* Begin PBXFileReference section */
		F81AFC252BDF8C0E0002AF22 /* Authentication.app */ = {isa = PBXFileReference; explicitFileType = wrapper.application; includeInIndex = 0; path = Authentication.app; sourceTree = BUILT_PRODUCTS_DIR; };
		F81AFC282BDF8C0E0002AF22 /* AuthenticationApp.swift */ = {isa = PBXFileReference; lastKnownFileType = sourcecode.swift; path = AuthenticationApp.swift; sourceTree = "<group>"; };
		F81AFC2A2BDF8C0E0002AF22 /* ContentView.swift */ = {isa = PBXFileReference; lastKnownFileType = sourcecode.swift; path = ContentView.swift; sourceTree = "<group>"; };
		F81AFC2C2BDF8C100002AF22 /* Assets.xcassets */ = {isa = PBXFileReference; lastKnownFileType = folder.assetcatalog; path = Assets.xcassets; sourceTree = "<group>"; };
		F81AFC2F2BDF8C100002AF22 /* Preview Assets.xcassets */ = {isa = PBXFileReference; lastKnownFileType = folder.assetcatalog; path = "Preview Assets.xcassets"; sourceTree = "<group>"; };
		F81AFC482BDF9F600002AF22 /* GoogleService-Info.plist */ = {isa = PBXFileReference; fileEncoding = 4; lastKnownFileType = text.plist.xml; path = "GoogleService-Info.plist"; sourceTree = "<group>"; };
		F81AFC4A2BDFA09C0002AF22 /* Info.plist */ = {isa = PBXFileReference; lastKnownFileType = text.plist.xml; path = Info.plist; sourceTree = "<group>"; };
		F81AFC4C2BDFA4240002AF22 /* AuthenticationViewModel.swift */ = {isa = PBXFileReference; lastKnownFileType = sourcecode.swift; path = AuthenticationViewModel.swift; sourceTree = "<group>"; };
		F81AFC552BDFB04F0002AF22 /* LoginView.swift */ = {isa = PBXFileReference; lastKnownFileType = sourcecode.swift; path = LoginView.swift; sourceTree = "<group>"; };
		F81AFC592BDFB0850002AF22 /* ImageEditorView.swift */ = {isa = PBXFileReference; lastKnownFileType = sourcecode.swift; path = ImageEditorView.swift; sourceTree = "<group>"; };
		F81AFC5C2BDFC0F40002AF22 /* GoogleButton.swift */ = {isa = PBXFileReference; lastKnownFileType = sourcecode.swift; path = GoogleButton.swift; sourceTree = "<group>"; };
		F81AFC5F2BDFD0F60002AF22 /* String.swift */ = {isa = PBXFileReference; lastKnownFileType = sourcecode.swift; path = String.swift; sourceTree = "<group>"; };
		F84BEA1A2BE061E20013A700 /* LoadingView.swift */ = {isa = PBXFileReference; lastKnownFileType = sourcecode.swift; path = LoadingView.swift; sourceTree = "<group>"; };
		F85254CA2BE25C450081A85E /* TextBox.swift */ = {isa = PBXFileReference; lastKnownFileType = sourcecode.swift; path = TextBox.swift; sourceTree = "<group>"; };
		F85254CC2BE262550081A85E /* CanvasView.swift */ = {isa = PBXFileReference; lastKnownFileType = sourcecode.swift; path = CanvasView.swift; sourceTree = "<group>"; };
		F8B7BB072BDFE49800FAF828 /* Window.swift */ = {isa = PBXFileReference; lastKnownFileType = sourcecode.swift; path = Window.swift; sourceTree = "<group>"; };
		F8B7BB0A2BDFE94A00FAF828 /* RegistrationView.swift */ = {isa = PBXFileReference; lastKnownFileType = sourcecode.swift; path = RegistrationView.swift; sourceTree = "<group>"; };
		F8B91A2F2BE17574007B6A7D /* ResetPasswordView.swift */ = {isa = PBXFileReference; lastKnownFileType = sourcecode.swift; path = ResetPasswordView.swift; sourceTree = "<group>"; };
		F8B91A4E2BE1A861007B6A7D /* ImagePicker.swift */ = {isa = PBXFileReference; lastKnownFileType = sourcecode.swift; path = ImagePicker.swift; sourceTree = "<group>"; };
		F8B91A502BE1AA4D007B6A7D /* ImageEditorViewModel.swift */ = {isa = PBXFileReference; lastKnownFileType = sourcecode.swift; path = ImageEditorViewModel.swift; sourceTree = "<group>"; };
		F8B91A522BE1AFE0007B6A7D /* DravingView.swift */ = {isa = PBXFileReference; lastKnownFileType = sourcecode.swift; path = DravingView.swift; sourceTree = "<group>"; };
		F8C64CCB2BE39235004907E0 /* Color.swift */ = {isa = PBXFileReference; lastKnownFileType = sourcecode.swift; path = Color.swift; sourceTree = "<group>"; };
		F8C64CCD2BE3DCFC004907E0 /* TextBoxView.swift */ = {isa = PBXFileReference; lastKnownFileType = sourcecode.swift; path = TextBoxView.swift; sourceTree = "<group>"; };
		F8C64CCF2BE3E1F5004907E0 /* TextEditorView.swift */ = {isa = PBXFileReference; lastKnownFileType = sourcecode.swift; path = TextEditorView.swift; sourceTree = "<group>"; };
		F8C64CD12BE3E862004907E0 /* FilteringView.swift */ = {isa = PBXFileReference; lastKnownFileType = sourcecode.swift; path = FilteringView.swift; sourceTree = "<group>"; };
		F8DFDF022BE2AD210058B846 /* TitleModifier.swift */ = {isa = PBXFileReference; lastKnownFileType = sourcecode.swift; path = TitleModifier.swift; sourceTree = "<group>"; };
		F8DFDF042BE2C34D0058B846 /* ShareSheet.swift */ = {isa = PBXFileReference; lastKnownFileType = sourcecode.swift; path = ShareSheet.swift; sourceTree = "<group>"; };
		F8DFDF062BE2D9700058B846 /* FilteredImage.swift */ = {isa = PBXFileReference; lastKnownFileType = sourcecode.swift; path = FilteredImage.swift; sourceTree = "<group>"; };
		F8DFDF092BE30D1C0058B846 /* ZoomableContainer.swift */ = {isa = PBXFileReference; lastKnownFileType = sourcecode.swift; path = ZoomableContainer.swift; sourceTree = "<group>"; };
		F8EE21BC2BE11ADD00BD2872 /* LoginHeader.swift */ = {isa = PBXFileReference; lastKnownFileType = sourcecode.swift; path = LoginHeader.swift; sourceTree = "<group>"; };
		F8EE21BE2BE11B0100BD2872 /* EmailTextField.swift */ = {isa = PBXFileReference; lastKnownFileType = sourcecode.swift; path = EmailTextField.swift; sourceTree = "<group>"; };
		F8EE21C02BE11B6400BD2872 /* PasswordSecureField.swift */ = {isa = PBXFileReference; lastKnownFileType = sourcecode.swift; path = PasswordSecureField.swift; sourceTree = "<group>"; };
		F8EE21C22BE11BCF00BD2872 /* MainButton.swift */ = {isa = PBXFileReference; lastKnownFileType = sourcecode.swift; path = MainButton.swift; sourceTree = "<group>"; };
		F8EE21C52BE11C0D00BD2872 /* TextFieldModifier.swift */ = {isa = PBXFileReference; lastKnownFileType = sourcecode.swift; path = TextFieldModifier.swift; sourceTree = "<group>"; };
		F8EE21C72BE11CE500BD2872 /* View + modifiers.swift */ = {isa = PBXFileReference; lastKnownFileType = sourcecode.swift; path = "View + modifiers.swift"; sourceTree = "<group>"; };
		F8EE7DEA2BED26E60063AEC6 /* Localizable.xcstrings */ = {isa = PBXFileReference; lastKnownFileType = text.json.xcstrings; path = Localizable.xcstrings; sourceTree = "<group>"; };
/* End PBXFileReference section */

/* Begin PBXFrameworksBuildPhase section */
		F81AFC222BDF8C0E0002AF22 /* Frameworks */ = {
			isa = PBXFrameworksBuildPhase;
			buildActionMask = 2147483647;
			files = (
				F81AFC422BDF9C800002AF22 /* FirebaseAuth in Frameworks */,
				F81AFC452BDF9D8F0002AF22 /* GoogleSignInSwift in Frameworks */,
			);
			runOnlyForDeploymentPostprocessing = 0;
		};
/* End PBXFrameworksBuildPhase section */

/* Begin PBXGroup section */
		F81AFC1C2BDF8C0E0002AF22 = {
			isa = PBXGroup;
			children = (
				F81AFC272BDF8C0E0002AF22 /* Authentication */,
				F81AFC262BDF8C0E0002AF22 /* Products */,
			);
			sourceTree = "<group>";
		};
		F81AFC262BDF8C0E0002AF22 /* Products */ = {
			isa = PBXGroup;
			children = (
				F81AFC252BDF8C0E0002AF22 /* Authentication.app */,
			);
			name = Products;
			sourceTree = "<group>";
		};
		F81AFC272BDF8C0E0002AF22 /* Authentication */ = {
			isa = PBXGroup;
			children = (
				F81AFC282BDF8C0E0002AF22 /* AuthenticationApp.swift */,
				F81AFC2A2BDF8C0E0002AF22 /* ContentView.swift */,
				F81AFC4B2BDFA0ED0002AF22 /* Resources */,
				F8B7BB0F2BDFFCF700FAF828 /* Modules */,
				F81AFC5E2BDFD0E10002AF22 /* Extensions */,
				F8B91A342BE177DF007B6A7D /* DesignSystem */,
			);
			path = Authentication;
			sourceTree = "<group>";
		};
		F81AFC2E2BDF8C100002AF22 /* Preview Content */ = {
			isa = PBXGroup;
			children = (
				F81AFC2F2BDF8C100002AF22 /* Preview Assets.xcassets */,
			);
			path = "Preview Content";
			sourceTree = "<group>";
		};
		F81AFC4B2BDFA0ED0002AF22 /* Resources */ = {
			isa = PBXGroup;
			children = (
				F8EE7DEA2BED26E60063AEC6 /* Localizable.xcstrings */,
				F81AFC4A2BDFA09C0002AF22 /* Info.plist */,
				F81AFC482BDF9F600002AF22 /* GoogleService-Info.plist */,
				F81AFC2C2BDF8C100002AF22 /* Assets.xcassets */,
				F81AFC2E2BDF8C100002AF22 /* Preview Content */,
			);
			path = Resources;
			sourceTree = "<group>";
		};
		F81AFC522BDFB01D0002AF22 /* ImageEditor */ = {
			isa = PBXGroup;
			children = (
				F85254C92BE25C320081A85E /* Model */,
				F81AFC582BDFB0750002AF22 /* ViewModel */,
				F81AFC572BDFB0700002AF22 /* View */,
			);
			path = ImageEditor;
			sourceTree = "<group>";
		};
		F81AFC572BDFB0700002AF22 /* View */ = {
			isa = PBXGroup;
			children = (
				F81AFC592BDFB0850002AF22 /* ImageEditorView.swift */,
				F8B91A522BE1AFE0007B6A7D /* DravingView.swift */,
				F8C64CCD2BE3DCFC004907E0 /* TextBoxView.swift */,
				F8C64CCF2BE3E1F5004907E0 /* TextEditorView.swift */,
				F8C64CD12BE3E862004907E0 /* FilteringView.swift */,
			);
			path = View;
			sourceTree = "<group>";
		};
		F81AFC582BDFB0750002AF22 /* ViewModel */ = {
			isa = PBXGroup;
			children = (
				F8B91A502BE1AA4D007B6A7D /* ImageEditorViewModel.swift */,
			);
			path = ViewModel;
			sourceTree = "<group>";
		};
		F81AFC5B2BDFC0D80002AF22 /* Views */ = {
			isa = PBXGroup;
			children = (
				F81AFC5C2BDFC0F40002AF22 /* GoogleButton.swift */,
				F84BEA1A2BE061E20013A700 /* LoadingView.swift */,
				F8EE21BC2BE11ADD00BD2872 /* LoginHeader.swift */,
				F8EE21BE2BE11B0100BD2872 /* EmailTextField.swift */,
				F8EE21C02BE11B6400BD2872 /* PasswordSecureField.swift */,
				F8EE21C22BE11BCF00BD2872 /* MainButton.swift */,
				F8DFDF092BE30D1C0058B846 /* ZoomableContainer.swift */,
			);
			path = Views;
			sourceTree = "<group>";
		};
		F81AFC5E2BDFD0E10002AF22 /* Extensions */ = {
			isa = PBXGroup;
			children = (
				F81AFC5F2BDFD0F60002AF22 /* String.swift */,
				F8B7BB072BDFE49800FAF828 /* Window.swift */,
				F8EE21C72BE11CE500BD2872 /* View + modifiers.swift */,
				F8C64CCB2BE39235004907E0 /* Color.swift */,
			);
			path = Extensions;
			sourceTree = "<group>";
		};
		F85254C92BE25C320081A85E /* Model */ = {
			isa = PBXGroup;
			children = (
				F85254CA2BE25C450081A85E /* TextBox.swift */,
				F8DFDF062BE2D9700058B846 /* FilteredImage.swift */,
			);
			path = Model;
			sourceTree = "<group>";
		};
		F8B7BB0F2BDFFCF700FAF828 /* Modules */ = {
			isa = PBXGroup;
			children = (
				F8B91A312BE17592007B6A7D /* Authentication */,
				F81AFC522BDFB01D0002AF22 /* ImageEditor */,
			);
			path = Modules;
			sourceTree = "<group>";
		};
		F8B91A2E2BE1755D007B6A7D /* View */ = {
			isa = PBXGroup;
			children = (
				F81AFC552BDFB04F0002AF22 /* LoginView.swift */,
				F8B7BB0A2BDFE94A00FAF828 /* RegistrationView.swift */,
				F8B91A2F2BE17574007B6A7D /* ResetPasswordView.swift */,
			);
			path = View;
			sourceTree = "<group>";
		};
		F8B91A312BE17592007B6A7D /* Authentication */ = {
			isa = PBXGroup;
			children = (
				F8B91A322BE175A7007B6A7D /* ViewModel */,
				F8B91A2E2BE1755D007B6A7D /* View */,
			);
			path = Authentication;
			sourceTree = "<group>";
		};
		F8B91A322BE175A7007B6A7D /* ViewModel */ = {
			isa = PBXGroup;
			children = (
				F81AFC4C2BDFA4240002AF22 /* AuthenticationViewModel.swift */,
			);
			path = ViewModel;
			sourceTree = "<group>";
		};
		F8B91A342BE177DF007B6A7D /* DesignSystem */ = {
			isa = PBXGroup;
			children = (
				F8C64CC82BE38D8D004907E0 /* Representable */,
				F81AFC5B2BDFC0D80002AF22 /* Views */,
				F8EE21C42BE11BE900BD2872 /* Modifiers */,
			);
			path = DesignSystem;
			sourceTree = "<group>";
		};
		F8C64CC82BE38D8D004907E0 /* Representable */ = {
			isa = PBXGroup;
			children = (
				F8B91A4E2BE1A861007B6A7D /* ImagePicker.swift */,
				F85254CC2BE262550081A85E /* CanvasView.swift */,
				F8DFDF042BE2C34D0058B846 /* ShareSheet.swift */,
			);
			path = Representable;
			sourceTree = "<group>";
		};
		F8EE21C42BE11BE900BD2872 /* Modifiers */ = {
			isa = PBXGroup;
			children = (
				F8EE21C52BE11C0D00BD2872 /* TextFieldModifier.swift */,
				F8DFDF022BE2AD210058B846 /* TitleModifier.swift */,
			);
			path = Modifiers;
			sourceTree = "<group>";
		};
/* End PBXGroup section */

/* Begin PBXNativeTarget section */
		F81AFC242BDF8C0E0002AF22 /* Authentication */ = {
			isa = PBXNativeTarget;
			buildConfigurationList = F81AFC332BDF8C100002AF22 /* Build configuration list for PBXNativeTarget "Authentication" */;
			buildPhases = (
				F81AFC212BDF8C0E0002AF22 /* Sources */,
				F81AFC222BDF8C0E0002AF22 /* Frameworks */,
				F81AFC232BDF8C0E0002AF22 /* Resources */,
			);
			buildRules = (
			);
			dependencies = (
			);
			name = Authentication;
			packageProductDependencies = (
				F81AFC412BDF9C800002AF22 /* FirebaseAuth */,
				F81AFC442BDF9D8F0002AF22 /* GoogleSignInSwift */,
			);
			productName = Authentication;
			productReference = F81AFC252BDF8C0E0002AF22 /* Authentication.app */;
			productType = "com.apple.product-type.application";
		};
/* End PBXNativeTarget section */

/* Begin PBXProject section */
		F81AFC1D2BDF8C0E0002AF22 /* Project object */ = {
			isa = PBXProject;
			attributes = {
				BuildIndependentTargetsInParallel = 1;
				LastSwiftUpdateCheck = 1430;
				LastUpgradeCheck = 1430;
				TargetAttributes = {
					F81AFC242BDF8C0E0002AF22 = {
						CreatedOnToolsVersion = 14.3.1;
					};
				};
			};
			buildConfigurationList = F81AFC202BDF8C0E0002AF22 /* Build configuration list for PBXProject "Authentication" */;
			compatibilityVersion = "Xcode 14.0";
			developmentRegion = en;
			hasScannedForEncodings = 0;
			knownRegions = (
				en,
				Base,
				ru,
			);
			mainGroup = F81AFC1C2BDF8C0E0002AF22;
			packageReferences = (
				F81AFC402BDF9C800002AF22 /* XCRemoteSwiftPackageReference "firebase-ios-sdk" */,
				F81AFC432BDF9D8F0002AF22 /* XCRemoteSwiftPackageReference "GoogleSignIn-iOS" */,
			);
			productRefGroup = F81AFC262BDF8C0E0002AF22 /* Products */;
			projectDirPath = "";
			projectRoot = "";
			targets = (
				F81AFC242BDF8C0E0002AF22 /* Authentication */,
			);
		};
/* End PBXProject section */

/* Begin PBXResourcesBuildPhase section */
		F81AFC232BDF8C0E0002AF22 /* Resources */ = {
			isa = PBXResourcesBuildPhase;
			buildActionMask = 2147483647;
			files = (
				F81AFC302BDF8C100002AF22 /* Preview Assets.xcassets in Resources */,
				F8EE7DEB2BED26E60063AEC6 /* Localizable.xcstrings in Resources */,
				F81AFC2D2BDF8C100002AF22 /* Assets.xcassets in Resources */,
				F81AFC492BDF9F600002AF22 /* GoogleService-Info.plist in Resources */,
			);
			runOnlyForDeploymentPostprocessing = 0;
		};
/* End PBXResourcesBuildPhase section */

/* Begin PBXSourcesBuildPhase section */
		F81AFC212BDF8C0E0002AF22 /* Sources */ = {
			isa = PBXSourcesBuildPhase;
			buildActionMask = 2147483647;
			files = (
				F81AFC4D2BDFA4240002AF22 /* AuthenticationViewModel.swift in Sources */,
				F81AFC2B2BDF8C0E0002AF22 /* ContentView.swift in Sources */,
				F81AFC562BDFB04F0002AF22 /* LoginView.swift in Sources */,
				F8EE21C12BE11B6400BD2872 /* PasswordSecureField.swift in Sources */,
				F8B7BB0B2BDFE94A00FAF828 /* RegistrationView.swift in Sources */,
				F81AFC5A2BDFB0850002AF22 /* ImageEditorView.swift in Sources */,
				F8B91A4F2BE1A861007B6A7D /* ImagePicker.swift in Sources */,
				F8EE21C62BE11C0D00BD2872 /* TextFieldModifier.swift in Sources */,
				F85254CD2BE262550081A85E /* CanvasView.swift in Sources */,
				F81AFC602BDFD0F60002AF22 /* String.swift in Sources */,
				F8EE21C82BE11CE500BD2872 /* View + modifiers.swift in Sources */,
				F8C64CD22BE3E862004907E0 /* FilteringView.swift in Sources */,
				F81AFC5D2BDFC0F40002AF22 /* GoogleButton.swift in Sources */,
				F8EE21BF2BE11B0100BD2872 /* EmailTextField.swift in Sources */,
				F8DFDF072BE2D9700058B846 /* FilteredImage.swift in Sources */,
				F8C64CD02BE3E1F5004907E0 /* TextEditorView.swift in Sources */,
				F8DFDF052BE2C34D0058B846 /* ShareSheet.swift in Sources */,
				F8EE21BD2BE11ADD00BD2872 /* LoginHeader.swift in Sources */,
				F8B91A302BE17574007B6A7D /* ResetPasswordView.swift in Sources */,
				F8B91A532BE1AFE0007B6A7D /* DravingView.swift in Sources */,
				F8EE21C32BE11BCF00BD2872 /* MainButton.swift in Sources */,
				F81AFC292BDF8C0E0002AF22 /* AuthenticationApp.swift in Sources */,
				F8C64CCC2BE39235004907E0 /* Color.swift in Sources */,
				F8C64CCE2BE3DCFC004907E0 /* TextBoxView.swift in Sources */,
				F8DFDF0A2BE30D1C0058B846 /* ZoomableContainer.swift in Sources */,
				F8B91A512BE1AA4E007B6A7D /* ImageEditorViewModel.swift in Sources */,
				F84BEA1B2BE061E20013A700 /* LoadingView.swift in Sources */,
				F85254CB2BE25C450081A85E /* TextBox.swift in Sources */,
				F8DFDF032BE2AD210058B846 /* TitleModifier.swift in Sources */,
				F8B7BB082BDFE49800FAF828 /* Window.swift in Sources */,
			);
			runOnlyForDeploymentPostprocessing = 0;
		};
/* End PBXSourcesBuildPhase section */

/* Begin XCBuildConfiguration section */
		F81AFC312BDF8C100002AF22 /* Debug */ = {
			isa = XCBuildConfiguration;
			buildSettings = {
				ALWAYS_SEARCH_USER_PATHS = NO;
				CLANG_ANALYZER_NONNULL = YES;
				CLANG_ANALYZER_NUMBER_OBJECT_CONVERSION = YES_AGGRESSIVE;
				CLANG_CXX_LANGUAGE_STANDARD = "gnu++20";
				CLANG_ENABLE_MODULES = YES;
				CLANG_ENABLE_OBJC_ARC = YES;
				CLANG_ENABLE_OBJC_WEAK = YES;
				CLANG_WARN_BLOCK_CAPTURE_AUTORELEASING = YES;
				CLANG_WARN_BOOL_CONVERSION = YES;
				CLANG_WARN_COMMA = YES;
				CLANG_WARN_CONSTANT_CONVERSION = YES;
				CLANG_WARN_DEPRECATED_OBJC_IMPLEMENTATIONS = YES;
				CLANG_WARN_DIRECT_OBJC_ISA_USAGE = YES_ERROR;
				CLANG_WARN_DOCUMENTATION_COMMENTS = YES;
				CLANG_WARN_EMPTY_BODY = YES;
				CLANG_WARN_ENUM_CONVERSION = YES;
				CLANG_WARN_INFINITE_RECURSION = YES;
				CLANG_WARN_INT_CONVERSION = YES;
				CLANG_WARN_NON_LITERAL_NULL_CONVERSION = YES;
				CLANG_WARN_OBJC_IMPLICIT_RETAIN_SELF = YES;
				CLANG_WARN_OBJC_LITERAL_CONVERSION = YES;
				CLANG_WARN_OBJC_ROOT_CLASS = YES_ERROR;
				CLANG_WARN_QUOTED_INCLUDE_IN_FRAMEWORK_HEADER = YES;
				CLANG_WARN_RANGE_LOOP_ANALYSIS = YES;
				CLANG_WARN_STRICT_PROTOTYPES = YES;
				CLANG_WARN_SUSPICIOUS_MOVE = YES;
				CLANG_WARN_UNGUARDED_AVAILABILITY = YES_AGGRESSIVE;
				CLANG_WARN_UNREACHABLE_CODE = YES;
				CLANG_WARN__DUPLICATE_METHOD_MATCH = YES;
				COPY_PHASE_STRIP = NO;
				DEBUG_INFORMATION_FORMAT = dwarf;
				ENABLE_STRICT_OBJC_MSGSEND = YES;
				ENABLE_TESTABILITY = YES;
				GCC_C_LANGUAGE_STANDARD = gnu11;
				GCC_DYNAMIC_NO_PIC = NO;
				GCC_NO_COMMON_BLOCKS = YES;
				GCC_OPTIMIZATION_LEVEL = 0;
				GCC_PREPROCESSOR_DEFINITIONS = (
					"DEBUG=1",
					"$(inherited)",
				);
				GCC_WARN_64_TO_32_BIT_CONVERSION = YES;
				GCC_WARN_ABOUT_RETURN_TYPE = YES_ERROR;
				GCC_WARN_UNDECLARED_SELECTOR = YES;
				GCC_WARN_UNINITIALIZED_AUTOS = YES_AGGRESSIVE;
				GCC_WARN_UNUSED_FUNCTION = YES;
				GCC_WARN_UNUSED_VARIABLE = YES;
				IPHONEOS_DEPLOYMENT_TARGET = 16.0;
				LOCALIZATION_PREFERS_STRING_CATALOGS = YES;
				MTL_ENABLE_DEBUG_INFO = INCLUDE_SOURCE;
				MTL_FAST_MATH = YES;
				ONLY_ACTIVE_ARCH = YES;
				SDKROOT = iphoneos;
				SWIFT_ACTIVE_COMPILATION_CONDITIONS = DEBUG;
				SWIFT_OPTIMIZATION_LEVEL = "-Onone";
			};
			name = Debug;
		};
		F81AFC322BDF8C100002AF22 /* Release */ = {
			isa = XCBuildConfiguration;
			buildSettings = {
				ALWAYS_SEARCH_USER_PATHS = NO;
				CLANG_ANALYZER_NONNULL = YES;
				CLANG_ANALYZER_NUMBER_OBJECT_CONVERSION = YES_AGGRESSIVE;
				CLANG_CXX_LANGUAGE_STANDARD = "gnu++20";
				CLANG_ENABLE_MODULES = YES;
				CLANG_ENABLE_OBJC_ARC = YES;
				CLANG_ENABLE_OBJC_WEAK = YES;
				CLANG_WARN_BLOCK_CAPTURE_AUTORELEASING = YES;
				CLANG_WARN_BOOL_CONVERSION = YES;
				CLANG_WARN_COMMA = YES;
				CLANG_WARN_CONSTANT_CONVERSION = YES;
				CLANG_WARN_DEPRECATED_OBJC_IMPLEMENTATIONS = YES;
				CLANG_WARN_DIRECT_OBJC_ISA_USAGE = YES_ERROR;
				CLANG_WARN_DOCUMENTATION_COMMENTS = YES;
				CLANG_WARN_EMPTY_BODY = YES;
				CLANG_WARN_ENUM_CONVERSION = YES;
				CLANG_WARN_INFINITE_RECURSION = YES;
				CLANG_WARN_INT_CONVERSION = YES;
				CLANG_WARN_NON_LITERAL_NULL_CONVERSION = YES;
				CLANG_WARN_OBJC_IMPLICIT_RETAIN_SELF = YES;
				CLANG_WARN_OBJC_LITERAL_CONVERSION = YES;
				CLANG_WARN_OBJC_ROOT_CLASS = YES_ERROR;
				CLANG_WARN_QUOTED_INCLUDE_IN_FRAMEWORK_HEADER = YES;
				CLANG_WARN_RANGE_LOOP_ANALYSIS = YES;
				CLANG_WARN_STRICT_PROTOTYPES = YES;
				CLANG_WARN_SUSPICIOUS_MOVE = YES;
				CLANG_WARN_UNGUARDED_AVAILABILITY = YES_AGGRESSIVE;
				CLANG_WARN_UNREACHABLE_CODE = YES;
				CLANG_WARN__DUPLICATE_METHOD_MATCH = YES;
				COPY_PHASE_STRIP = NO;
				DEBUG_INFORMATION_FORMAT = "dwarf-with-dsym";
				ENABLE_NS_ASSERTIONS = NO;
				ENABLE_STRICT_OBJC_MSGSEND = YES;
				GCC_C_LANGUAGE_STANDARD = gnu11;
				GCC_NO_COMMON_BLOCKS = YES;
				GCC_WARN_64_TO_32_BIT_CONVERSION = YES;
				GCC_WARN_ABOUT_RETURN_TYPE = YES_ERROR;
				GCC_WARN_UNDECLARED_SELECTOR = YES;
				GCC_WARN_UNINITIALIZED_AUTOS = YES_AGGRESSIVE;
				GCC_WARN_UNUSED_FUNCTION = YES;
				GCC_WARN_UNUSED_VARIABLE = YES;
				IPHONEOS_DEPLOYMENT_TARGET = 16.0;
				LOCALIZATION_PREFERS_STRING_CATALOGS = YES;
				MTL_ENABLE_DEBUG_INFO = NO;
				MTL_FAST_MATH = YES;
				SDKROOT = iphoneos;
				SWIFT_COMPILATION_MODE = wholemodule;
				SWIFT_OPTIMIZATION_LEVEL = "-O";
				VALIDATE_PRODUCT = YES;
			};
			name = Release;
		};
		F81AFC342BDF8C100002AF22 /* Debug */ = {
			isa = XCBuildConfiguration;
			buildSettings = {
				ASSETCATALOG_COMPILER_APPICON_NAME = AppIcon;
				ASSETCATALOG_COMPILER_GLOBAL_ACCENT_COLOR_NAME = AccentColor;
				CODE_SIGN_STYLE = Automatic;
				CURRENT_PROJECT_VERSION = 1;
				DEVELOPMENT_ASSET_PATHS = "\"Authentication/Resources/Preview Content\"";
				DEVELOPMENT_TEAM = 69V683996A;
				ENABLE_PREVIEWS = YES;
				GENERATE_INFOPLIST_FILE = YES;
				INFOPLIST_FILE = Authentication/Resources/Info.plist;
				INFOPLIST_KEY_UIApplicationSceneManifest_Generation = YES;
				INFOPLIST_KEY_UIApplicationSupportsIndirectInputEvents = YES;
				INFOPLIST_KEY_UILaunchScreen_Generation = YES;
				INFOPLIST_KEY_UISupportedInterfaceOrientations_iPad = "UIInterfaceOrientationPortrait UIInterfaceOrientationPortraitUpsideDown UIInterfaceOrientationLandscapeLeft UIInterfaceOrientationLandscapeRight";
				INFOPLIST_KEY_UISupportedInterfaceOrientations_iPhone = "UIInterfaceOrientationPortrait UIInterfaceOrientationLandscapeLeft UIInterfaceOrientationLandscapeRight";
				LD_RUNPATH_SEARCH_PATHS = (
					"$(inherited)",
					"@executable_path/Frameworks",
				);
				MARKETING_VERSION = 1.0;
				PRODUCT_BUNDLE_IDENTIFIER = Nekrasova.Authentication;
				PRODUCT_NAME = "$(TARGET_NAME)";
				SWIFT_EMIT_LOC_STRINGS = YES;
				SWIFT_VERSION = 5.0;
				TARGETED_DEVICE_FAMILY = "1,2";
			};
			name = Debug;
		};
		F81AFC352BDF8C100002AF22 /* Release */ = {
			isa = XCBuildConfiguration;
			buildSettings = {
				ASSETCATALOG_COMPILER_APPICON_NAME = AppIcon;
				ASSETCATALOG_COMPILER_GLOBAL_ACCENT_COLOR_NAME = AccentColor;
				CODE_SIGN_STYLE = Automatic;
				CURRENT_PROJECT_VERSION = 1;
				DEVELOPMENT_ASSET_PATHS = "\"Authentication/Resources/Preview Content\"";
				DEVELOPMENT_TEAM = 69V683996A;
				ENABLE_PREVIEWS = YES;
				GENERATE_INFOPLIST_FILE = YES;
				INFOPLIST_FILE = Authentication/Resources/Info.plist;
				INFOPLIST_KEY_UIApplicationSceneManifest_Generation = YES;
				INFOPLIST_KEY_UIApplicationSupportsIndirectInputEvents = YES;
				INFOPLIST_KEY_UILaunchScreen_Generation = YES;
				INFOPLIST_KEY_UISupportedInterfaceOrientations_iPad = "UIInterfaceOrientationPortrait UIInterfaceOrientationPortraitUpsideDown UIInterfaceOrientationLandscapeLeft UIInterfaceOrientationLandscapeRight";
				INFOPLIST_KEY_UISupportedInterfaceOrientations_iPhone = "UIInterfaceOrientationPortrait UIInterfaceOrientationLandscapeLeft UIInterfaceOrientationLandscapeRight";
				LD_RUNPATH_SEARCH_PATHS = (
					"$(inherited)",
					"@executable_path/Frameworks",
				);
				MARKETING_VERSION = 1.0;
				PRODUCT_BUNDLE_IDENTIFIER = Nekrasova.Authentication;
				PRODUCT_NAME = "$(TARGET_NAME)";
				SWIFT_EMIT_LOC_STRINGS = YES;
				SWIFT_VERSION = 5.0;
				TARGETED_DEVICE_FAMILY = "1,2";
			};
			name = Release;
		};
/* End XCBuildConfiguration section */

/* Begin XCConfigurationList section */
		F81AFC202BDF8C0E0002AF22 /* Build configuration list for PBXProject "Authentication" */ = {
			isa = XCConfigurationList;
			buildConfigurations = (
				F81AFC312BDF8C100002AF22 /* Debug */,
				F81AFC322BDF8C100002AF22 /* Release */,
			);
			defaultConfigurationIsVisible = 0;
			defaultConfigurationName = Release;
		};
		F81AFC332BDF8C100002AF22 /* Build configuration list for PBXNativeTarget "Authentication" */ = {
			isa = XCConfigurationList;
			buildConfigurations = (
				F81AFC342BDF8C100002AF22 /* Debug */,
				F81AFC352BDF8C100002AF22 /* Release */,
			);
			defaultConfigurationIsVisible = 0;
			defaultConfigurationName = Release;
		};
/* End XCConfigurationList section */

/* Begin XCRemoteSwiftPackageReference section */
		F81AFC402BDF9C800002AF22 /* XCRemoteSwiftPackageReference "firebase-ios-sdk" */ = {
			isa = XCRemoteSwiftPackageReference;
			repositoryURL = "https://github.com/firebase/firebase-ios-sdk";
			requirement = {
				kind = upToNextMajorVersion;
				minimumVersion = 10.0.0;
			};
		};
		F81AFC432BDF9D8F0002AF22 /* XCRemoteSwiftPackageReference "GoogleSignIn-iOS" */ = {
			isa = XCRemoteSwiftPackageReference;
			repositoryURL = "https://github.com/google/GoogleSignIn-iOS";
			requirement = {
				kind = upToNextMajorVersion;
				minimumVersion = 7.0.0;
			};
		};
/* End XCRemoteSwiftPackageReference section */

/* Begin XCSwiftPackageProductDependency section */
		F81AFC412BDF9C800002AF22 /* FirebaseAuth */ = {
			isa = XCSwiftPackageProductDependency;
			package = F81AFC402BDF9C800002AF22 /* XCRemoteSwiftPackageReference "firebase-ios-sdk" */;
			productName = FirebaseAuth;
		};
		F81AFC442BDF9D8F0002AF22 /* GoogleSignInSwift */ = {
			isa = XCSwiftPackageProductDependency;
			package = F81AFC432BDF9D8F0002AF22 /* XCRemoteSwiftPackageReference "GoogleSignIn-iOS" */;
			productName = GoogleSignInSwift;
		};
/* End XCSwiftPackageProductDependency section */
	};
	rootObject = F81AFC1D2BDF8C0E0002AF22 /* Project object */;
}
